
Microsoft Visual Studio Solution File, Format Version 12.00
# Visual Studio Version 16
VisualStudioVersion = 16.0.30907.101
MinimumVisualStudioVersion = 10.0.40219.1
Project("{FAE04EC0-301F-11D3-BF4B-00C04F79EFBC}") = "AppEvents", "AppEvents\AppEvents.csproj", "{1F09B044-6D8A-4BB6-8755-5A61846BC3D1}"
EndProject
Global
	GlobalSection(SolutionConfigurationPlatforms) = preSolution
		Debug|Any CPU = Debug|Any CPU
		Release|Any CPU = Release|Any CPU
	EndGlobalSection
	GlobalSection(ProjectConfigurationPlatforms) = postSolution
		{1F09B044-6D8A-4BB6-8755-5A61846BC3D1}.Debug|Any CPU.ActiveCfg = Debug|Any CPU
		{1F09B044-6D8A-4BB6-8755-5A61846BC3D1}.Debug|Any CPU.Build.0 = Debug|Any CPU
		{1F09B044-6D8A-4BB6-8755-5A61846BC3D1}.Release|Any CPU.ActiveCfg = Release|Any CPU
		{1F09B044-6D8A-4BB6-8755-5A61846BC3D1}.Release|Any CPU.Build.0 = Release|Any CPU
	EndGlobalSection
	GlobalSection(SolutionProperties) = preSolution
		HideSolutionNode = FALSE
	EndGlobalSection
	GlobalSection(ExtensibilityGlobals) = postSolution
		SolutionGuid = {196EEC7D-E9D6-4294-95F8-5221855F747E}
	EndGlobalSection
EndGlobal
